
Microsoft Visual Studio Solution File, Format Version 12.00
# Visual Studio 2013
VisualStudioVersion = 12.0.40629.0
MinimumVisualStudioVersion = 10.0.40219.1
Project("{FAE04EC0-301F-11D3-BF4B-00C04F79EFBC}") = "TestAssignment", "TestAssignment\TestAssignment.csproj", "{93777C8F-45D2-4197-AF10-06730A4D001A}"
EndProject
Project("{FAE04EC0-301F-11D3-BF4B-00C04F79EFBC}") = "TestAssignmentTests", "TestAssignmentTests\TestAssignmentTests.csproj", "{F3A27243-F8C3-43B3-AB18-DF2D4D9566A8}"
EndProject
Global
	GlobalSection(SolutionConfigurationPlatforms) = preSolution
		Debug|Any CPU = Debug|Any CPU
		Release|Any CPU = Release|Any CPU
	EndGlobalSection
	GlobalSection(ProjectConfigurationPlatforms) = postSolution
		{93777C8F-45D2-4197-AF10-06730A4D001A}.Debug|Any CPU.ActiveCfg = Debug|Any CPU
		{93777C8F-45D2-4197-AF10-06730A4D001A}.Debug|Any CPU.Build.0 = Debug|Any CPU
		{93777C8F-45D2-4197-AF10-06730A4D001A}.Release|Any CPU.ActiveCfg = Release|Any CPU
		{93777C8F-45D2-4197-AF10-06730A4D001A}.Release|Any CPU.Build.0 = Release|Any CPU
		{F3A27243-F8C3-43B3-AB18-DF2D4D9566A8}.Debug|Any CPU.ActiveCfg = Debug|Any CPU
		{F3A27243-F8C3-43B3-AB18-DF2D4D9566A8}.Debug|Any CPU.Build.0 = Debug|Any CPU
		{F3A27243-F8C3-43B3-AB18-DF2D4D9566A8}.Release|Any CPU.ActiveCfg = Release|Any CPU
		{F3A27243-F8C3-43B3-AB18-DF2D4D9566A8}.Release|Any CPU.Build.0 = Release|Any CPU
	EndGlobalSection
	GlobalSection(SolutionProperties) = preSolution
		HideSolutionNode = FALSE
	EndGlobalSection
EndGlobal
